
Microsoft Visual Studio Solution File, Format Version 12.00
# Visual Studio Version 16
VisualStudioVersion = 16.0.30523.141
MinimumVisualStudioVersion = 15.0.26124.0
Project("{2150E333-8FDC-42A3-9474-1A3956D46DE8}") = "src", "src", "{B775CBBF-1385-4CB3-86F1-D5FE372F768E}"
EndProject
Project("{9A19103F-16F7-4668-BE54-9A1E7A4F7556}") = "Middleware.Model", "src\Middleware.Model\Middleware.Model.csproj", "{4C9F0C65-2737-4DFD-B69C-3D0A91F90576}"
EndProject
Project("{9A19103F-16F7-4668-BE54-9A1E7A4F7556}") = "Middleware.Gateway", "src\Middleware.Gateway\Middleware.Gateway.csproj", "{AE6A5496-468E-483F-B76A-3F8CBA454E40}"
EndProject
Project("{9A19103F-16F7-4668-BE54-9A1E7A4F7556}") = "Middleware.IotClient", "src\Middleware.IotClient\Middleware.IotClient.csproj", "{EAB1A0FA-A8D6-4BDF-930E-F0F9BDCBD203}"
EndProject
Project("{2150E333-8FDC-42A3-9474-1A3956D46DE8}") = "Solution Items", "Solution Items", "{C3BC084E-F2E4-4BB3-9444-056D607F506F}"
	ProjectSection(SolutionItems) = preProject
		.editorconfig = .editorconfig
	EndProjectSection
EndProject
Project("{2150E333-8FDC-42A3-9474-1A3956D46DE8}") = "samples", "samples", "{CF55D5AA-2C1C-494F-976E-0CC92001FFDF}"
EndProject
Project("{2150E333-8FDC-42A3-9474-1A3956D46DE8}") = "Quickstarts", "Quickstarts", "{031A2676-4104-484E-9B7F-8B1A9E387553}"
EndProject
Project("{9A19103F-16F7-4668-BE54-9A1E7A4F7556}") = "DeviceGatewayService", "samples\Quickstarts\1_DeviceGatewayService\DeviceGatewayService.csproj", "{0530A9E7-1682-4B28-8550-1F6FE8489CAA}"
EndProject
Global
	GlobalSection(SolutionConfigurationPlatforms) = preSolution
		Debug|Any CPU = Debug|Any CPU
		Debug|x64 = Debug|x64
		Debug|x86 = Debug|x86
		Release|Any CPU = Release|Any CPU
		Release|x64 = Release|x64
		Release|x86 = Release|x86
	EndGlobalSection
	GlobalSection(ProjectConfigurationPlatforms) = postSolution
		{4C9F0C65-2737-4DFD-B69C-3D0A91F90576}.Debug|Any CPU.ActiveCfg = Debug|Any CPU
		{4C9F0C65-2737-4DFD-B69C-3D0A91F90576}.Debug|Any CPU.Build.0 = Debug|Any CPU
		{4C9F0C65-2737-4DFD-B69C-3D0A91F90576}.Debug|x64.ActiveCfg = Debug|Any CPU
		{4C9F0C65-2737-4DFD-B69C-3D0A91F90576}.Debug|x64.Build.0 = Debug|Any CPU
		{4C9F0C65-2737-4DFD-B69C-3D0A91F90576}.Debug|x86.ActiveCfg = Debug|Any CPU
		{4C9F0C65-2737-4DFD-B69C-3D0A91F90576}.Debug|x86.Build.0 = Debug|Any CPU
		{4C9F0C65-2737-4DFD-B69C-3D0A91F90576}.Release|Any CPU.ActiveCfg = Release|Any CPU
		{4C9F0C65-2737-4DFD-B69C-3D0A91F90576}.Release|Any CPU.Build.0 = Release|Any CPU
		{4C9F0C65-2737-4DFD-B69C-3D0A91F90576}.Release|x64.ActiveCfg = Release|Any CPU
		{4C9F0C65-2737-4DFD-B69C-3D0A91F90576}.Release|x64.Build.0 = Release|Any CPU
		{4C9F0C65-2737-4DFD-B69C-3D0A91F90576}.Release|x86.ActiveCfg = Release|Any CPU
		{4C9F0C65-2737-4DFD-B69C-3D0A91F90576}.Release|x86.Build.0 = Release|Any CPU
		{AE6A5496-468E-483F-B76A-3F8CBA454E40}.Debug|Any CPU.ActiveCfg = Debug|Any CPU
		{AE6A5496-468E-483F-B76A-3F8CBA454E40}.Debug|Any CPU.Build.0 = Debug|Any CPU
		{AE6A5496-468E-483F-B76A-3F8CBA454E40}.Debug|x64.ActiveCfg = Debug|Any CPU
		{AE6A5496-468E-483F-B76A-3F8CBA454E40}.Debug|x64.Build.0 = Debug|Any CPU
		{AE6A5496-468E-483F-B76A-3F8CBA454E40}.Debug|x86.ActiveCfg = Debug|Any CPU
		{AE6A5496-468E-483F-B76A-3F8CBA454E40}.Debug|x86.Build.0 = Debug|Any CPU
		{AE6A5496-468E-483F-B76A-3F8CBA454E40}.Release|Any CPU.ActiveCfg = Release|Any CPU
		{AE6A5496-468E-483F-B76A-3F8CBA454E40}.Release|Any CPU.Build.0 = Release|Any CPU
		{AE6A5496-468E-483F-B76A-3F8CBA454E40}.Release|x64.ActiveCfg = Release|Any CPU
		{AE6A5496-468E-483F-B76A-3F8CBA454E40}.Release|x64.Build.0 = Release|Any CPU
		{AE6A5496-468E-483F-B76A-3F8CBA454E40}.Release|x86.ActiveCfg = Release|Any CPU
		{AE6A5496-468E-483F-B76A-3F8CBA454E40}.Release|x86.Build.0 = Release|Any CPU
		{EAB1A0FA-A8D6-4BDF-930E-F0F9BDCBD203}.Debug|Any CPU.ActiveCfg = Debug|Any CPU
		{EAB1A0FA-A8D6-4BDF-930E-F0F9BDCBD203}.Debug|Any CPU.Build.0 = Debug|Any CPU
		{EAB1A0FA-A8D6-4BDF-930E-F0F9BDCBD203}.Debug|x64.ActiveCfg = Debug|Any CPU
		{EAB1A0FA-A8D6-4BDF-930E-F0F9BDCBD203}.Debug|x64.Build.0 = Debug|Any CPU
		{EAB1A0FA-A8D6-4BDF-930E-F0F9BDCBD203}.Debug|x86.ActiveCfg = Debug|Any CPU
		{EAB1A0FA-A8D6-4BDF-930E-F0F9BDCBD203}.Debug|x86.Build.0 = Debug|Any CPU
		{EAB1A0FA-A8D6-4BDF-930E-F0F9BDCBD203}.Release|Any CPU.ActiveCfg = Release|Any CPU
		{EAB1A0FA-A8D6-4BDF-930E-F0F9BDCBD203}.Release|Any CPU.Build.0 = Release|Any CPU
		{EAB1A0FA-A8D6-4BDF-930E-F0F9BDCBD203}.Release|x64.ActiveCfg = Release|Any CPU
		{EAB1A0FA-A8D6-4BDF-930E-F0F9BDCBD203}.Release|x64.Build.0 = Release|Any CPU
		{EAB1A0FA-A8D6-4BDF-930E-F0F9BDCBD203}.Release|x86.ActiveCfg = Release|Any CPU
		{EAB1A0FA-A8D6-4BDF-930E-F0F9BDCBD203}.Release|x86.Build.0 = Release|Any CPU
		{0530A9E7-1682-4B28-8550-1F6FE8489CAA}.Debug|Any CPU.ActiveCfg = Debug|Any CPU
		{0530A9E7-1682-4B28-8550-1F6FE8489CAA}.Debug|Any CPU.Build.0 = Debug|Any CPU
		{0530A9E7-1682-4B28-8550-1F6FE8489CAA}.Debug|x64.ActiveCfg = Debug|Any CPU
		{0530A9E7-1682-4B28-8550-1F6FE8489CAA}.Debug|x64.Build.0 = Debug|Any CPU
		{0530A9E7-1682-4B28-8550-1F6FE8489CAA}.Debug|x86.ActiveCfg = Debug|Any CPU
		{0530A9E7-1682-4B28-8550-1F6FE8489CAA}.Debug|x86.Build.0 = Debug|Any CPU
		{0530A9E7-1682-4B28-8550-1F6FE8489CAA}.Release|Any CPU.ActiveCfg = Release|Any CPU
		{0530A9E7-1682-4B28-8550-1F6FE8489CAA}.Release|Any CPU.Build.0 = Release|Any CPU
		{0530A9E7-1682-4B28-8550-1F6FE8489CAA}.Release|x64.ActiveCfg = Release|Any CPU
		{0530A9E7-1682-4B28-8550-1F6FE8489CAA}.Release|x64.Build.0 = Release|Any CPU
		{0530A9E7-1682-4B28-8550-1F6FE8489CAA}.Release|x86.ActiveCfg = Release|Any CPU
		{0530A9E7-1682-4B28-8550-1F6FE8489CAA}.Release|x86.Build.0 = Release|Any CPU
	EndGlobalSection
	GlobalSection(SolutionProperties) = preSolution
		HideSolutionNode = FALSE
	EndGlobalSection
	GlobalSection(NestedProjects) = preSolution
		{4C9F0C65-2737-4DFD-B69C-3D0A91F90576} = {B775CBBF-1385-4CB3-86F1-D5FE372F768E}
		{AE6A5496-468E-483F-B76A-3F8CBA454E40} = {B775CBBF-1385-4CB3-86F1-D5FE372F768E}
		{EAB1A0FA-A8D6-4BDF-930E-F0F9BDCBD203} = {B775CBBF-1385-4CB3-86F1-D5FE372F768E}
		{031A2676-4104-484E-9B7F-8B1A9E387553} = {CF55D5AA-2C1C-494F-976E-0CC92001FFDF}
		{0530A9E7-1682-4B28-8550-1F6FE8489CAA} = {031A2676-4104-484E-9B7F-8B1A9E387553}
	EndGlobalSection
	GlobalSection(ExtensibilityGlobals) = postSolution
		SolutionGuid = {9AC5D021-3BEA-4399-B61E-EC3D213CAA17}
	EndGlobalSection
EndGlobal
